
Microsoft Visual Studio Solution File, Format Version 12.00
# Visual Studio Version 17
VisualStudioVersion = 17.3.32825.248
MinimumVisualStudioVersion = 10.0.40219.1
Project("{FAE04EC0-301F-11D3-BF4B-00C04F79EFBC}") = "Act1.1", "Act1.1\Act1.1.csproj", "{1237EFCF-E791-4A81-A59E-6440198B1848}"
EndProject
Global
	GlobalSection(SolutionConfigurationPlatforms) = preSolution
		Debug|Any CPU = Debug|Any CPU
		Release|Any CPU = Release|Any CPU
	EndGlobalSection
	GlobalSection(ProjectConfigurationPlatforms) = postSolution
		{1237EFCF-E791-4A81-A59E-6440198B1848}.Debug|Any CPU.ActiveCfg = Debug|Any CPU
		{1237EFCF-E791-4A81-A59E-6440198B1848}.Debug|Any CPU.Build.0 = Debug|Any CPU
		{1237EFCF-E791-4A81-A59E-6440198B1848}.Release|Any CPU.ActiveCfg = Release|Any CPU
		{1237EFCF-E791-4A81-A59E-6440198B1848}.Release|Any CPU.Build.0 = Release|Any CPU
	EndGlobalSection
	GlobalSection(SolutionProperties) = preSolution
		HideSolutionNode = FALSE
	EndGlobalSection
	GlobalSection(ExtensibilityGlobals) = postSolution
		SolutionGuid = {E3AC91B3-F161-42A1-856A-FB245B3C40D8}
	EndGlobalSection
EndGlobal
