
Microsoft Visual Studio Solution File, Format Version 12.00
# Visual Studio Version 17
VisualStudioVersion = 17.3.32819.101
MinimumVisualStudioVersion = 10.0.40219.1
Project("{FAE04EC0-301F-11D3-BF4B-00C04F79EFBC}") = "Promedio de 5(Tarea)", "Promedio de 5(Tarea)\Promedio de 5(Tarea).csproj", "{7B65ECCB-B962-4E94-A333-D3CCA157C02C}"
EndProject
Global
	GlobalSection(SolutionConfigurationPlatforms) = preSolution
		Debug|Any CPU = Debug|Any CPU
		Release|Any CPU = Release|Any CPU
	EndGlobalSection
	GlobalSection(ProjectConfigurationPlatforms) = postSolution
		{7B65ECCB-B962-4E94-A333-D3CCA157C02C}.Debug|Any CPU.ActiveCfg = Debug|Any CPU
		{7B65ECCB-B962-4E94-A333-D3CCA157C02C}.Debug|Any CPU.Build.0 = Debug|Any CPU
		{7B65ECCB-B962-4E94-A333-D3CCA157C02C}.Release|Any CPU.ActiveCfg = Release|Any CPU
		{7B65ECCB-B962-4E94-A333-D3CCA157C02C}.Release|Any CPU.Build.0 = Release|Any CPU
	EndGlobalSection
	GlobalSection(SolutionProperties) = preSolution
		HideSolutionNode = FALSE
	EndGlobalSection
	GlobalSection(ExtensibilityGlobals) = postSolution
		SolutionGuid = {A2DE28DD-8B0D-452B-9B2B-35A0F0D2C30F}
	EndGlobalSection
EndGlobal
