
Microsoft Visual Studio Solution File, Format Version 12.00
# Visual Studio Version 17
VisualStudioVersion = 17.3.32819.101
MinimumVisualStudioVersion = 10.0.40219.1
Project("{FAE04EC0-301F-11D3-BF4B-00C04F79EFBC}") = "Ejercicio4", "Ejercicio4\Ejercicio4.csproj", "{14561490-67D9-4C6E-AA8C-AFC3B9A728AD}"
EndProject
Global
	GlobalSection(SolutionConfigurationPlatforms) = preSolution
		Debug|Any CPU = Debug|Any CPU
		Release|Any CPU = Release|Any CPU
	EndGlobalSection
	GlobalSection(ProjectConfigurationPlatforms) = postSolution
		{14561490-67D9-4C6E-AA8C-AFC3B9A728AD}.Debug|Any CPU.ActiveCfg = Debug|Any CPU
		{14561490-67D9-4C6E-AA8C-AFC3B9A728AD}.Debug|Any CPU.Build.0 = Debug|Any CPU
		{14561490-67D9-4C6E-AA8C-AFC3B9A728AD}.Release|Any CPU.ActiveCfg = Release|Any CPU
		{14561490-67D9-4C6E-AA8C-AFC3B9A728AD}.Release|Any CPU.Build.0 = Release|Any CPU
	EndGlobalSection
	GlobalSection(SolutionProperties) = preSolution
		HideSolutionNode = FALSE
	EndGlobalSection
	GlobalSection(ExtensibilityGlobals) = postSolution
		SolutionGuid = {1A2BB8DA-AEBD-4300-AF49-9B68F0666C48}
	EndGlobalSection
EndGlobal
